
Microsoft Visual Studio Solution File, Format Version 12.00
# Visual Studio Version 16
VisualStudioVersion = 16.0.30114.105
MinimumVisualStudioVersion = 10.0.40219.1
Project("{FAE04EC0-301F-11D3-BF4B-00C04F79EFBC}") = "MyWork.ConsoleApp", "MyWork.ConsoleApp\MyWork.ConsoleApp.csproj", "{EC6384FD-7E37-4F15-B8CA-C914705E1044}"
EndProject
Project("{FAE04EC0-301F-11D3-BF4B-00C04F79EFBC}") = "MyWork.Tests", "MyWork.Tests\MyWork.Tests.csproj", "{5168AD75-5E58-46E8-BDBF-13BDFB704F48}"
EndProject
Global
	GlobalSection(SolutionConfigurationPlatforms) = preSolution
		Debug|Any CPU = Debug|Any CPU
		Release|Any CPU = Release|Any CPU
	EndGlobalSection
	GlobalSection(SolutionProperties) = preSolution
		HideSolutionNode = FALSE
	EndGlobalSection
	GlobalSection(ProjectConfigurationPlatforms) = postSolution
		{EC6384FD-7E37-4F15-B8CA-C914705E1044}.Debug|Any CPU.ActiveCfg = Debug|Any CPU
		{EC6384FD-7E37-4F15-B8CA-C914705E1044}.Debug|Any CPU.Build.0 = Debug|Any CPU
		{EC6384FD-7E37-4F15-B8CA-C914705E1044}.Release|Any CPU.ActiveCfg = Release|Any CPU
		{EC6384FD-7E37-4F15-B8CA-C914705E1044}.Release|Any CPU.Build.0 = Release|Any CPU
		{5168AD75-5E58-46E8-BDBF-13BDFB704F48}.Debug|Any CPU.ActiveCfg = Debug|Any CPU
		{5168AD75-5E58-46E8-BDBF-13BDFB704F48}.Debug|Any CPU.Build.0 = Debug|Any CPU
		{5168AD75-5E58-46E8-BDBF-13BDFB704F48}.Release|Any CPU.ActiveCfg = Release|Any CPU
		{5168AD75-5E58-46E8-BDBF-13BDFB704F48}.Release|Any CPU.Build.0 = Release|Any CPU
	EndGlobalSection
EndGlobal
